
Microsoft Visual Studio Solution File, Format Version 12.00
# Visual Studio 15
VisualStudioVersion = 15.0.28010.0
MinimumVisualStudioVersion = 10.0.40219.1
Project("{2150E333-8FDC-42A3-9474-1A3956D46DE8}") = "Views", "Views", "{69108DEB-74FC-43CB-8FBD-90F57B36C0A1}"
EndProject
Project("{FAE04EC0-301F-11D3-BF4B-00C04F79EFBC}") = "Views", "Views\Views.csproj", "{123A3987-DEB9-4A46-8955-DED724A4B25D}"
EndProject
Project("{2150E333-8FDC-42A3-9474-1A3956D46DE8}") = "ViewModels", "ViewModels", "{E5534AE5-FDF2-477D-8863-DC04967E4C2C}"
EndProject
Project("{2150E333-8FDC-42A3-9474-1A3956D46DE8}") = "Model", "Model", "{8F028103-52F0-4BF2-81A4-3FB45145BE2F}"
EndProject
Project("{2150E333-8FDC-42A3-9474-1A3956D46DE8}") = "DataAccess", "DataAccess", "{BAEB6995-AE8E-4963-A67B-FCA65F25EAFB}"
EndProject
Project("{2150E333-8FDC-42A3-9474-1A3956D46DE8}") = "Startup", "Startup", "{D1CB3833-D369-49D8-BCD5-9F4E942643DD}"
EndProject
Project("{FAE04EC0-301F-11D3-BF4B-00C04F79EFBC}") = "Startup", "Startup\Startup.csproj", "{856570E8-47B0-4FD0-97E1-2202F2291870}"
EndProject
Project("{FAE04EC0-301F-11D3-BF4B-00C04F79EFBC}") = "Model", "Model\Model.csproj", "{C5377841-0DC5-4583-BABE-C61D505243DF}"
EndProject
Project("{FAE04EC0-301F-11D3-BF4B-00C04F79EFBC}") = "DataAccess", "DataAccess\DataAccess.csproj", "{9A087B6C-2E09-4BA3-B843-A26D7DE2F439}"
EndProject
Project("{FAE04EC0-301F-11D3-BF4B-00C04F79EFBC}") = "ViewModels", "ViewModels\ViewModels.csproj", "{7A799AC6-2BCB-48D0-B6FA-9C5346A1B0AF}"
EndProject
Project("{2150E333-8FDC-42A3-9474-1A3956D46DE8}") = "CFRD", "CFRD", "{AC31056F-54E9-4D66-B5B4-370B92366A8B}"
EndProject
Project("{FAE04EC0-301F-11D3-BF4B-00C04F79EFBC}") = "CFRD", "CFRD\CFRD.csproj", "{09221D1A-8C9C-40AA-BDA6-EA1BC7201A74}"
EndProject
Project("{2150E333-8FDC-42A3-9474-1A3956D46DE8}") = "Service", "Service", "{2232C0C4-FE93-4B9C-AF14-698C8F51B129}"
EndProject
Project("{FAE04EC0-301F-11D3-BF4B-00C04F79EFBC}") = "Service", "Service\Service.csproj", "{E0EDB46C-BF18-4B94-806D-21B8B24069E1}"
EndProject
Global
	GlobalSection(SolutionConfigurationPlatforms) = preSolution
		Debug|Any CPU = Debug|Any CPU
		Release|Any CPU = Release|Any CPU
	EndGlobalSection
	GlobalSection(ProjectConfigurationPlatforms) = postSolution
		{123A3987-DEB9-4A46-8955-DED724A4B25D}.Debug|Any CPU.ActiveCfg = Debug|Any CPU
		{123A3987-DEB9-4A46-8955-DED724A4B25D}.Debug|Any CPU.Build.0 = Debug|Any CPU
		{123A3987-DEB9-4A46-8955-DED724A4B25D}.Release|Any CPU.ActiveCfg = Release|Any CPU
		{123A3987-DEB9-4A46-8955-DED724A4B25D}.Release|Any CPU.Build.0 = Release|Any CPU
		{856570E8-47B0-4FD0-97E1-2202F2291870}.Debug|Any CPU.ActiveCfg = Debug|Any CPU
		{856570E8-47B0-4FD0-97E1-2202F2291870}.Debug|Any CPU.Build.0 = Debug|Any CPU
		{856570E8-47B0-4FD0-97E1-2202F2291870}.Release|Any CPU.ActiveCfg = Release|Any CPU
		{856570E8-47B0-4FD0-97E1-2202F2291870}.Release|Any CPU.Build.0 = Release|Any CPU
		{C5377841-0DC5-4583-BABE-C61D505243DF}.Debug|Any CPU.ActiveCfg = Debug|Any CPU
		{C5377841-0DC5-4583-BABE-C61D505243DF}.Debug|Any CPU.Build.0 = Debug|Any CPU
		{C5377841-0DC5-4583-BABE-C61D505243DF}.Release|Any CPU.ActiveCfg = Release|Any CPU
		{C5377841-0DC5-4583-BABE-C61D505243DF}.Release|Any CPU.Build.0 = Release|Any CPU
		{9A087B6C-2E09-4BA3-B843-A26D7DE2F439}.Debug|Any CPU.ActiveCfg = Debug|Any CPU
		{9A087B6C-2E09-4BA3-B843-A26D7DE2F439}.Debug|Any CPU.Build.0 = Debug|Any CPU
		{9A087B6C-2E09-4BA3-B843-A26D7DE2F439}.Release|Any CPU.ActiveCfg = Release|Any CPU
		{9A087B6C-2E09-4BA3-B843-A26D7DE2F439}.Release|Any CPU.Build.0 = Release|Any CPU
		{7A799AC6-2BCB-48D0-B6FA-9C5346A1B0AF}.Debug|Any CPU.ActiveCfg = Debug|Any CPU
		{7A799AC6-2BCB-48D0-B6FA-9C5346A1B0AF}.Debug|Any CPU.Build.0 = Debug|Any CPU
		{7A799AC6-2BCB-48D0-B6FA-9C5346A1B0AF}.Release|Any CPU.ActiveCfg = Release|Any CPU
		{7A799AC6-2BCB-48D0-B6FA-9C5346A1B0AF}.Release|Any CPU.Build.0 = Release|Any CPU
		{09221D1A-8C9C-40AA-BDA6-EA1BC7201A74}.Debug|Any CPU.ActiveCfg = Debug|Any CPU
		{09221D1A-8C9C-40AA-BDA6-EA1BC7201A74}.Debug|Any CPU.Build.0 = Debug|Any CPU
		{09221D1A-8C9C-40AA-BDA6-EA1BC7201A74}.Release|Any CPU.ActiveCfg = Release|Any CPU
		{09221D1A-8C9C-40AA-BDA6-EA1BC7201A74}.Release|Any CPU.Build.0 = Release|Any CPU
		{E0EDB46C-BF18-4B94-806D-21B8B24069E1}.Debug|Any CPU.ActiveCfg = Debug|Any CPU
		{E0EDB46C-BF18-4B94-806D-21B8B24069E1}.Debug|Any CPU.Build.0 = Debug|Any CPU
		{E0EDB46C-BF18-4B94-806D-21B8B24069E1}.Release|Any CPU.ActiveCfg = Release|Any CPU
		{E0EDB46C-BF18-4B94-806D-21B8B24069E1}.Release|Any CPU.Build.0 = Release|Any CPU
	EndGlobalSection
	GlobalSection(SolutionProperties) = preSolution
		HideSolutionNode = FALSE
	EndGlobalSection
	GlobalSection(NestedProjects) = preSolution
		{123A3987-DEB9-4A46-8955-DED724A4B25D} = {69108DEB-74FC-43CB-8FBD-90F57B36C0A1}
		{856570E8-47B0-4FD0-97E1-2202F2291870} = {D1CB3833-D369-49D8-BCD5-9F4E942643DD}
		{C5377841-0DC5-4583-BABE-C61D505243DF} = {8F028103-52F0-4BF2-81A4-3FB45145BE2F}
		{9A087B6C-2E09-4BA3-B843-A26D7DE2F439} = {BAEB6995-AE8E-4963-A67B-FCA65F25EAFB}
		{7A799AC6-2BCB-48D0-B6FA-9C5346A1B0AF} = {E5534AE5-FDF2-477D-8863-DC04967E4C2C}
		{09221D1A-8C9C-40AA-BDA6-EA1BC7201A74} = {AC31056F-54E9-4D66-B5B4-370B92366A8B}
		{E0EDB46C-BF18-4B94-806D-21B8B24069E1} = {2232C0C4-FE93-4B9C-AF14-698C8F51B129}
	EndGlobalSection
	GlobalSection(ExtensibilityGlobals) = postSolution
		SolutionGuid = {A6C81217-12E7-462F-8136-96276BFBD89F}
	EndGlobalSection
EndGlobal
